
Microsoft Visual Studio Solution File, Format Version 12.00
# Visual Studio Version 17
VisualStudioVersion = 17.13.35818.85 d17.13
MinimumVisualStudioVersion = 10.0.40219.1
Project("{FAE04EC0-301F-11D3-BF4B-00C04F79EFBC}") = "CviConverter", "CviConverter.csproj", "{C76B4646-E2EB-A67E-5A54-14EFBAD26AD5}"
EndProject
Project("{8BC9CEB8-8B4A-11D0-8D11-00A0C91BC942}") = "CviLibsWrapper", "..\CviLibsWrapper\CviLibsWrapper.vcxproj", "{4CE8E3B5-EB7A-4B50-A2A7-A0A0ED5B3DA2}"
EndProject
Global
	GlobalSection(SolutionConfigurationPlatforms) = preSolution
		Debug|Any CPU = Debug|Any CPU
		Debug|x64 = Debug|x64
		Debug|x86 = Debug|x86
		Release|Any CPU = Release|Any CPU
		Release|x64 = Release|x64
		Release|x86 = Release|x86
	EndGlobalSection
	GlobalSection(ProjectConfigurationPlatforms) = postSolution
		{C76B4646-E2EB-A67E-5A54-14EFBAD26AD5}.Debug|Any CPU.ActiveCfg = Debug|Any CPU
		{C76B4646-E2EB-A67E-5A54-14EFBAD26AD5}.Debug|Any CPU.Build.0 = Debug|Any CPU
		{C76B4646-E2EB-A67E-5A54-14EFBAD26AD5}.Debug|x64.ActiveCfg = Debug|Any CPU
		{C76B4646-E2EB-A67E-5A54-14EFBAD26AD5}.Debug|x64.Build.0 = Debug|Any CPU
		{C76B4646-E2EB-A67E-5A54-14EFBAD26AD5}.Debug|x86.ActiveCfg = Debug|Any CPU
		{C76B4646-E2EB-A67E-5A54-14EFBAD26AD5}.Debug|x86.Build.0 = Debug|Any CPU
		{C76B4646-E2EB-A67E-5A54-14EFBAD26AD5}.Release|Any CPU.ActiveCfg = Release|Any CPU
		{C76B4646-E2EB-A67E-5A54-14EFBAD26AD5}.Release|Any CPU.Build.0 = Release|Any CPU
		{C76B4646-E2EB-A67E-5A54-14EFBAD26AD5}.Release|x64.ActiveCfg = Release|Any CPU
		{C76B4646-E2EB-A67E-5A54-14EFBAD26AD5}.Release|x64.Build.0 = Release|Any CPU
		{C76B4646-E2EB-A67E-5A54-14EFBAD26AD5}.Release|x86.ActiveCfg = Release|Any CPU
		{C76B4646-E2EB-A67E-5A54-14EFBAD26AD5}.Release|x86.Build.0 = Release|Any CPU
		{4CE8E3B5-EB7A-4B50-A2A7-A0A0ED5B3DA2}.Debug|Any CPU.ActiveCfg = Debug|x64
		{4CE8E3B5-EB7A-4B50-A2A7-A0A0ED5B3DA2}.Debug|Any CPU.Build.0 = Debug|x64
		{4CE8E3B5-EB7A-4B50-A2A7-A0A0ED5B3DA2}.Debug|x64.ActiveCfg = Debug|x64
		{4CE8E3B5-EB7A-4B50-A2A7-A0A0ED5B3DA2}.Debug|x64.Build.0 = Debug|x64
		{4CE8E3B5-EB7A-4B50-A2A7-A0A0ED5B3DA2}.Debug|x86.ActiveCfg = Debug|Win32
		{4CE8E3B5-EB7A-4B50-A2A7-A0A0ED5B3DA2}.Debug|x86.Build.0 = Debug|Win32
		{4CE8E3B5-EB7A-4B50-A2A7-A0A0ED5B3DA2}.Release|Any CPU.ActiveCfg = Release|x64
		{4CE8E3B5-EB7A-4B50-A2A7-A0A0ED5B3DA2}.Release|Any CPU.Build.0 = Release|x64
		{4CE8E3B5-EB7A-4B50-A2A7-A0A0ED5B3DA2}.Release|x64.ActiveCfg = Release|x64
		{4CE8E3B5-EB7A-4B50-A2A7-A0A0ED5B3DA2}.Release|x64.Build.0 = Release|x64
		{4CE8E3B5-EB7A-4B50-A2A7-A0A0ED5B3DA2}.Release|x86.ActiveCfg = Release|Win32
		{4CE8E3B5-EB7A-4B50-A2A7-A0A0ED5B3DA2}.Release|x86.Build.0 = Release|Win32
	EndGlobalSection
	GlobalSection(SolutionProperties) = preSolution
		HideSolutionNode = FALSE
	EndGlobalSection
	GlobalSection(ExtensibilityGlobals) = postSolution
		SolutionGuid = {DF7D51CE-D39C-4B40-96B5-5C4800544BFC}
	EndGlobalSection
EndGlobal
